
Microsoft Visual Studio Solution File, Format Version 12.00
# Visual Studio 15
VisualStudioVersion = 15.0.28307.960
MinimumVisualStudioVersion = 10.0.40219.1
Project("{FAE04EC0-301F-11D3-BF4B-00C04F79EFBC}") = "CalculatorApp", "CalculatorApp\CalculatorApp.csproj", "{7B17DB45-A2B8-4FEE-BF0B-7FC0237DAA43}"
EndProject
Global
	GlobalSection(SolutionConfigurationPlatforms) = preSolution
		Debug|Any CPU = Debug|Any CPU
		Release|Any CPU = Release|Any CPU
	EndGlobalSection
	GlobalSection(ProjectConfigurationPlatforms) = postSolution
		{7B17DB45-A2B8-4FEE-BF0B-7FC0237DAA43}.Debug|Any CPU.ActiveCfg = Debug|Any CPU
		{7B17DB45-A2B8-4FEE-BF0B-7FC0237DAA43}.Debug|Any CPU.Build.0 = Debug|Any CPU
		{7B17DB45-A2B8-4FEE-BF0B-7FC0237DAA43}.Release|Any CPU.ActiveCfg = Release|Any CPU
		{7B17DB45-A2B8-4FEE-BF0B-7FC0237DAA43}.Release|Any CPU.Build.0 = Release|Any CPU
	EndGlobalSection
	GlobalSection(SolutionProperties) = preSolution
		HideSolutionNode = FALSE
	EndGlobalSection
	GlobalSection(ExtensibilityGlobals) = postSolution
		SolutionGuid = {3B279F9A-0BBD-4368-85D1-E3043E86E3CC}
	EndGlobalSection
EndGlobal
